// !$*UTF8*$!
{
	archiveVersion = 1;
	classes = {
	};
	objectVersion = 55;
	objects = {

/* Begin PBXBuildFile section */
		D0FA3933287BF87300E5B606 /* BuildSettingToPropertyListExampleApp.swift in Sources */ = {isa = PBXBuildFile; fileRef = D0FA3932287BF87300E5B606 /* BuildSettingToPropertyListExampleApp.swift */; };
		D0FA3935287BF87300E5B606 /* ContentView.swift in Sources */ = {isa = PBXBuildFile; fileRef = D0FA3934287BF87300E5B606 /* ContentView.swift */; };
		D0FA3937287BF87500E5B606 /* Assets.xcassets in Resources */ = {isa = PBXBuildFile; fileRef = D0FA3936287BF87500E5B606 /* Assets.xcassets */; };
		D0FA393A287BF87500E5B606 /* Preview Assets.xcassets in Resources */ = {isa = PBXBuildFile; fileRef = D0FA3939287BF87500E5B606 /* Preview Assets.xcassets */; };
		D0FA3942287BF97500E5B606 /* Customization.plist in Resources */ = {isa = PBXBuildFile; fileRef = D0FA3941287BF97500E5B606 /* Customization.plist */; };
/* End PBXBuildFile section */

/* Begin PBXFileReference section */
		D0FA392F287BF87300E5B606 /* BuildSettingToPropertyListExample.app */ = {isa = PBXFileReference; explicitFileType = wrapper.application; includeInIndex = 0; path = BuildSettingToPropertyListExample.app; sourceTree = BUILT_PRODUCTS_DIR; };
		D0FA3932287BF87300E5B606 /* BuildSettingToPropertyListExampleApp.swift */ = {isa = PBXFileReference; lastKnownFileType = sourcecode.swift; path = BuildSettingToPropertyListExampleApp.swift; sourceTree = "<group>"; };
		D0FA3934287BF87300E5B606 /* ContentView.swift */ = {isa = PBXFileReference; lastKnownFileType = sourcecode.swift; path = ContentView.swift; sourceTree = "<group>"; };
		D0FA3936287BF87500E5B606 /* Assets.xcassets */ = {isa = PBXFileReference; lastKnownFileType = folder.assetcatalog; path = Assets.xcassets; sourceTree = "<group>"; };
		D0FA3939287BF87500E5B606 /* Preview Assets.xcassets */ = {isa = PBXFileReference; lastKnownFileType = folder.assetcatalog; path = "Preview Assets.xcassets"; sourceTree = "<group>"; };
		D0FA393B287BF87500E5B606 /* BuildSettingToPropertyListExample.entitlements */ = {isa = PBXFileReference; lastKnownFileType = text.plist.entitlements; path = BuildSettingToPropertyListExample.entitlements; sourceTree = "<group>"; };
		D0FA3941287BF97500E5B606 /* Customization.plist */ = {isa = PBXFileReference; lastKnownFileType = text.plist.xml; path = Customization.plist; sourceTree = "<group>"; };
		D0FA3943287BF9C400E5B606 /* Configuration.xcconfig */ = {isa = PBXFileReference; lastKnownFileType = text.xcconfig; path = Configuration.xcconfig; sourceTree = "<group>"; };
		D0FA3945287BFE6E00E5B606 /* LICENSE */ = {isa = PBXFileReference; lastKnownFileType = text; path = LICENSE; sourceTree = "<group>"; };
		D0FA3946287BFE6E00E5B606 /* README.md */ = {isa = PBXFileReference; lastKnownFileType = net.daringfireball.markdown; path = README.md; sourceTree = "<group>"; };
/* End PBXFileReference section */

/* Begin PBXFrameworksBuildPhase section */
		D0FA392C287BF87300E5B606 /* Frameworks */ = {
			isa = PBXFrameworksBuildPhase;
			buildActionMask = 2147483647;
			files = (
			);
			runOnlyForDeploymentPostprocessing = 0;
		};
/* End PBXFrameworksBuildPhase section */

/* Begin PBXGroup section */
		D0FA3926287BF87300E5B606 = {
			isa = PBXGroup;
			children = (
				D0FA3946287BFE6E00E5B606 /* README.md */,
				D0FA3945287BFE6E00E5B606 /* LICENSE */,
				D0FA3931287BF87300E5B606 /* BuildSettingToPropertyListExample */,
				D0FA3930287BF87300E5B606 /* Products */,
			);
			sourceTree = "<group>";
		};
		D0FA3930287BF87300E5B606 /* Products */ = {
			isa = PBXGroup;
			children = (
				D0FA392F287BF87300E5B606 /* BuildSettingToPropertyListExample.app */,
			);
			name = Products;
			sourceTree = "<group>";
		};
		D0FA3931287BF87300E5B606 /* BuildSettingToPropertyListExample */ = {
			isa = PBXGroup;
			children = (
				D0FA3932287BF87300E5B606 /* BuildSettingToPropertyListExampleApp.swift */,
				D0FA3943287BF9C400E5B606 /* Configuration.xcconfig */,
				D0FA3934287BF87300E5B606 /* ContentView.swift */,
				D0FA3941287BF97500E5B606 /* Customization.plist */,
				D0FA3936287BF87500E5B606 /* Assets.xcassets */,
				D0FA393B287BF87500E5B606 /* BuildSettingToPropertyListExample.entitlements */,
				D0FA3938287BF87500E5B606 /* Preview Content */,
			);
			path = BuildSettingToPropertyListExample;
			sourceTree = "<group>";
		};
		D0FA3938287BF87500E5B606 /* Preview Content */ = {
			isa = PBXGroup;
			children = (
				D0FA3939287BF87500E5B606 /* Preview Assets.xcassets */,
			);
			path = "Preview Content";
			sourceTree = "<group>";
		};
/* End PBXGroup section */

/* Begin PBXNativeTarget section */
		D0FA392E287BF87300E5B606 /* BuildSettingToPropertyListExample */ = {
			isa = PBXNativeTarget;
			buildConfigurationList = D0FA393E287BF87500E5B606 /* Build configuration list for PBXNativeTarget "BuildSettingToPropertyListExample" */;
			buildPhases = (
				D0FA392B287BF87300E5B606 /* Sources */,
				D0FA392C287BF87300E5B606 /* Frameworks */,
				D0FA392D287BF87300E5B606 /* Resources */,
				D0FA3944287BFA4F00E5B606 /* Set Customization Properties */,
			);
			buildRules = (
			);
			dependencies = (
			);
			name = BuildSettingToPropertyListExample;
			productName = BuildSettingToPropertyListExample;
			productReference = D0FA392F287BF87300E5B606 /* BuildSettingToPropertyListExample.app */;
			productType = "com.apple.product-type.application";
		};
/* End PBXNativeTarget section */

/* Begin PBXProject section */
		D0FA3927287BF87300E5B606 /* Project object */ = {
			isa = PBXProject;
			attributes = {
				BuildIndependentTargetsInParallel = 1;
				LastSwiftUpdateCheck = 1340;
				LastUpgradeCheck = 1340;
				TargetAttributes = {
					D0FA392E287BF87300E5B606 = {
						CreatedOnToolsVersion = 13.4.1;
					};
				};
			};
			buildConfigurationList = D0FA392A287BF87300E5B606 /* Build configuration list for PBXProject "BuildSettingToPropertyListExample" */;
			compatibilityVersion = "Xcode 13.0";
			developmentRegion = en;
			hasScannedForEncodings = 0;
			knownRegions = (
				en,
				Base,
			);
			mainGroup = D0FA3926287BF87300E5B606;
			productRefGroup = D0FA3930287BF87300E5B606 /* Products */;
			projectDirPath = "";
			projectRoot = "";
			targets = (
				D0FA392E287BF87300E5B606 /* BuildSettingToPropertyListExample */,
			);
		};
/* End PBXProject section */

/* Begin PBXResourcesBuildPhase section */
		D0FA392D287BF87300E5B606 /* Resources */ = {
			isa = PBXResourcesBuildPhase;
			buildActionMask = 2147483647;
			files = (
				D0FA393A287BF87500E5B606 /* Preview Assets.xcassets in Resources */,
				D0FA3937287BF87500E5B606 /* Assets.xcassets in Resources */,
				D0FA3942287BF97500E5B606 /* Customization.plist in Resources */,
			);
			runOnlyForDeploymentPostprocessing = 0;
		};
/* End PBXResourcesBuildPhase section */

/* Begin PBXShellScriptBuildPhase section */
		D0FA3944287BFA4F00E5B606 /* Set Customization Properties */ = {
			isa = PBXShellScriptBuildPhase;
			buildActionMask = 2147483647;
			files = (
			);
			inputFileListPaths = (
			);
			inputPaths = (
			);
			name = "Set Customization Properties";
			outputFileListPaths = (
			);
			outputPaths = (
			);
			runOnlyForDeploymentPostprocessing = 0;
			shellPath = /bin/sh;
			shellScript = "/usr/libexec/PlistBuddy -c \"Set serverURL '$CUSTOMIZATION_SERVER_URL'\" \"$CONFIGURATION_BUILD_DIR/$UNLOCALIZED_RESOURCES_FOLDER_PATH/Customization.plist\"\n";
			showEnvVarsInLog = 0;
		};
/* End PBXShellScriptBuildPhase section */

/* Begin PBXSourcesBuildPhase section */
		D0FA392B287BF87300E5B606 /* Sources */ = {
			isa = PBXSourcesBuildPhase;
			buildActionMask = 2147483647;
			files = (
				D0FA3935287BF87300E5B606 /* ContentView.swift in Sources */,
				D0FA3933287BF87300E5B606 /* BuildSettingToPropertyListExampleApp.swift in Sources */,
			);
			runOnlyForDeploymentPostprocessing = 0;
		};
/* End PBXSourcesBuildPhase section */

/* Begin XCBuildConfiguration section */
		D0FA393C287BF87500E5B606 /* Debug */ = {
			isa = XCBuildConfiguration;
			baseConfigurationReference = D0FA3943287BF9C400E5B606 /* Configuration.xcconfig */;
			buildSettings = {
				ALWAYS_SEARCH_USER_PATHS = NO;
				CLANG_ANALYZER_NONNULL = YES;
				CLANG_ANALYZER_NUMBER_OBJECT_CONVERSION = YES_AGGRESSIVE;
				CLANG_CXX_LANGUAGE_STANDARD = "gnu++17";
				CLANG_ENABLE_MODULES = YES;
				CLANG_ENABLE_OBJC_ARC = YES;
				CLANG_ENABLE_OBJC_WEAK = YES;
				CLANG_WARN_BLOCK_CAPTURE_AUTORELEASING = YES;
				CLANG_WARN_BOOL_CONVERSION = YES;
				CLANG_WARN_COMMA = YES;
				CLANG_WARN_CONSTANT_CONVERSION = YES;
				CLANG_WARN_DEPRECATED_OBJC_IMPLEMENTATIONS = YES;
				CLANG_WARN_DIRECT_OBJC_ISA_USAGE = YES_ERROR;
				CLANG_WARN_DOCUMENTATION_COMMENTS = YES;
				CLANG_WARN_EMPTY_BODY = YES;
				CLANG_WARN_ENUM_CONVERSION = YES;
				CLANG_WARN_INFINITE_RECURSION = YES;
				CLANG_WARN_INT_CONVERSION = YES;
				CLANG_WARN_NON_LITERAL_NULL_CONVERSION = YES;
				CLANG_WARN_OBJC_IMPLICIT_RETAIN_SELF = YES;
				CLANG_WARN_OBJC_LITERAL_CONVERSION = YES;
				CLANG_WARN_OBJC_ROOT_CLASS = YES_ERROR;
				CLANG_WARN_QUOTED_INCLUDE_IN_FRAMEWORK_HEADER = YES;
				CLANG_WARN_RANGE_LOOP_ANALYSIS = YES;
				CLANG_WARN_STRICT_PROTOTYPES = YES;
				CLANG_WARN_SUSPICIOUS_MOVE = YES;
				CLANG_WARN_UNGUARDED_AVAILABILITY = YES_AGGRESSIVE;
				CLANG_WARN_UNREACHABLE_CODE = YES;
				CLANG_WARN__DUPLICATE_METHOD_MATCH = YES;
				COPY_PHASE_STRIP = NO;
				DEBUG_INFORMATION_FORMAT = dwarf;
				ENABLE_STRICT_OBJC_MSGSEND = YES;
				ENABLE_TESTABILITY = YES;
				GCC_C_LANGUAGE_STANDARD = gnu11;
				GCC_DYNAMIC_NO_PIC = NO;
				GCC_NO_COMMON_BLOCKS = YES;
				GCC_OPTIMIZATION_LEVEL = 0;
				GCC_PREPROCESSOR_DEFINITIONS = (
					"DEBUG=1",
					"$(inherited)",
				);
				GCC_WARN_64_TO_32_BIT_CONVERSION = YES;
				GCC_WARN_ABOUT_RETURN_TYPE = YES_ERROR;
				GCC_WARN_UNDECLARED_SELECTOR = YES;
				GCC_WARN_UNINITIALIZED_AUTOS = YES_AGGRESSIVE;
				GCC_WARN_UNUSED_FUNCTION = YES;
				GCC_WARN_UNUSED_VARIABLE = YES;
				MACOSX_DEPLOYMENT_TARGET = 12.3;
				MTL_ENABLE_DEBUG_INFO = INCLUDE_SOURCE;
				MTL_FAST_MATH = YES;
				ONLY_ACTIVE_ARCH = YES;
				SDKROOT = macosx;
				SWIFT_ACTIVE_COMPILATION_CONDITIONS = DEBUG;
				SWIFT_OPTIMIZATION_LEVEL = "-Onone";
			};
			name = Debug;
		};
		D0FA393D287BF87500E5B606 /* Release */ = {
			isa = XCBuildConfiguration;
			baseConfigurationReference = D0FA3943287BF9C400E5B606 /* Configuration.xcconfig */;
			buildSettings = {
				ALWAYS_SEARCH_USER_PATHS = NO;
				CLANG_ANALYZER_NONNULL = YES;
				CLANG_ANALYZER_NUMBER_OBJECT_CONVERSION = YES_AGGRESSIVE;
				CLANG_CXX_LANGUAGE_STANDARD = "gnu++17";
				CLANG_ENABLE_MODULES = YES;
				CLANG_ENABLE_OBJC_ARC = YES;
				CLANG_ENABLE_OBJC_WEAK = YES;
				CLANG_WARN_BLOCK_CAPTURE_AUTORELEASING = YES;
				CLANG_WARN_BOOL_CONVERSION = YES;
				CLANG_WARN_COMMA = YES;
				CLANG_WARN_CONSTANT_CONVERSION = YES;
				CLANG_WARN_DEPRECATED_OBJC_IMPLEMENTATIONS = YES;
				CLANG_WARN_DIRECT_OBJC_ISA_USAGE = YES_ERROR;
				CLANG_WARN_DOCUMENTATION_COMMENTS = YES;
				CLANG_WARN_EMPTY_BODY = YES;
				CLANG_WARN_ENUM_CONVERSION = YES;
				CLANG_WARN_INFINITE_RECURSION = YES;
				CLANG_WARN_INT_CONVERSION = YES;
				CLANG_WARN_NON_LITERAL_NULL_CONVERSION = YES;
				CLANG_WARN_OBJC_IMPLICIT_RETAIN_SELF = YES;
				CLANG_WARN_OBJC_LITERAL_CONVERSION = YES;
				CLANG_WARN_OBJC_ROOT_CLASS = YES_ERROR;
				CLANG_WARN_QUOTED_INCLUDE_IN_FRAMEWORK_HEADER = YES;
				CLANG_WARN_RANGE_LOOP_ANALYSIS = YES;
				CLANG_WARN_STRICT_PROTOTYPES = YES;
				CLANG_WARN_SUSPICIOUS_MOVE = YES;
				CLANG_WARN_UNGUARDED_AVAILABILITY = YES_AGGRESSIVE;
				CLANG_WARN_UNREACHABLE_CODE = YES;
				CLANG_WARN__DUPLICATE_METHOD_MATCH = YES;
				COPY_PHASE_STRIP = NO;
				DEBUG_INFORMATION_FORMAT = "dwarf-with-dsym";
				ENABLE_NS_ASSERTIONS = NO;
				ENABLE_STRICT_OBJC_MSGSEND = YES;
				GCC_C_LANGUAGE_STANDARD = gnu11;
				GCC_NO_COMMON_BLOCKS = YES;
				GCC_WARN_64_TO_32_BIT_CONVERSION = YES;
				GCC_WARN_ABOUT_RETURN_TYPE = YES_ERROR;
				GCC_WARN_UNDECLARED_SELECTOR = YES;
				GCC_WARN_UNINITIALIZED_AUTOS = YES_AGGRESSIVE;
				GCC_WARN_UNUSED_FUNCTION = YES;
				GCC_WARN_UNUSED_VARIABLE = YES;
				MACOSX_DEPLOYMENT_TARGET = 12.3;
				MTL_ENABLE_DEBUG_INFO = NO;
				MTL_FAST_MATH = YES;
				SDKROOT = macosx;
				SWIFT_COMPILATION_MODE = wholemodule;
				SWIFT_OPTIMIZATION_LEVEL = "-O";
			};
			name = Release;
		};
		D0FA393F287BF87500E5B606 /* Debug */ = {
			isa = XCBuildConfiguration;
			buildSettings = {
				ASSETCATALOG_COMPILER_APPICON_NAME = AppIcon;
				ASSETCATALOG_COMPILER_GLOBAL_ACCENT_COLOR_NAME = AccentColor;
				CODE_SIGN_ENTITLEMENTS = BuildSettingToPropertyListExample/BuildSettingToPropertyListExample.entitlements;
				CODE_SIGN_STYLE = Automatic;
				COMBINE_HIDPI_IMAGES = YES;
				CURRENT_PROJECT_VERSION = 1;
				DEVELOPMENT_ASSET_PATHS = "\"BuildSettingToPropertyListExample/Preview Content\"";
				DEVELOPMENT_TEAM = 65S3A9JQ35;
				ENABLE_HARDENED_RUNTIME = YES;
				ENABLE_PREVIEWS = YES;
				GENERATE_INFOPLIST_FILE = YES;
				INFOPLIST_KEY_NSHumanReadableCopyright = "";
				LD_RUNPATH_SEARCH_PATHS = (
					"$(inherited)",
					"@executable_path/../Frameworks",
				);
				MARKETING_VERSION = 1.0;
				PRODUCT_BUNDLE_IDENTIFIER = info.peterthomashorn.BuildSettingToPropertyListExample;
				PRODUCT_NAME = "$(TARGET_NAME)";
				SWIFT_EMIT_LOC_STRINGS = YES;
				SWIFT_VERSION = 5.0;
			};
			name = Debug;
		};
		D0FA3940287BF87500E5B606 /* Release */ = {
			isa = XCBuildConfiguration;
			buildSettings = {
				ASSETCATALOG_COMPILER_APPICON_NAME = AppIcon;
				ASSETCATALOG_COMPILER_GLOBAL_ACCENT_COLOR_NAME = AccentColor;
				CODE_SIGN_ENTITLEMENTS = BuildSettingToPropertyListExample/BuildSettingToPropertyListExample.entitlements;
				CODE_SIGN_STYLE = Automatic;
				COMBINE_HIDPI_IMAGES = YES;
				CURRENT_PROJECT_VERSION = 1;
				DEVELOPMENT_ASSET_PATHS = "\"BuildSettingToPropertyListExample/Preview Content\"";
				DEVELOPMENT_TEAM = 65S3A9JQ35;
				ENABLE_HARDENED_RUNTIME = YES;
				ENABLE_PREVIEWS = YES;
				GENERATE_INFOPLIST_FILE = YES;
				INFOPLIST_KEY_NSHumanReadableCopyright = "";
				LD_RUNPATH_SEARCH_PATHS = (
					"$(inherited)",
					"@executable_path/../Frameworks",
				);
				MARKETING_VERSION = 1.0;
				PRODUCT_BUNDLE_IDENTIFIER = info.peterthomashorn.BuildSettingToPropertyListExample;
				PRODUCT_NAME = "$(TARGET_NAME)";
				SWIFT_EMIT_LOC_STRINGS = YES;
				SWIFT_VERSION = 5.0;
			};
			name = Release;
		};
/* End XCBuildConfiguration section */

/* Begin XCConfigurationList section */
		D0FA392A287BF87300E5B606 /* Build configuration list for PBXProject "BuildSettingToPropertyListExample" */ = {
			isa = XCConfigurationList;
			buildConfigurations = (
				D0FA393C287BF87500E5B606 /* Debug */,
				D0FA393D287BF87500E5B606 /* Release */,
			);
			defaultConfigurationIsVisible = 0;
			defaultConfigurationName = Release;
		};
		D0FA393E287BF87500E5B606 /* Build configuration list for PBXNativeTarget "BuildSettingToPropertyListExample" */ = {
			isa = XCConfigurationList;
			buildConfigurations = (
				D0FA393F287BF87500E5B606 /* Debug */,
				D0FA3940287BF87500E5B606 /* Release */,
			);
			defaultConfigurationIsVisible = 0;
			defaultConfigurationName = Release;
		};
/* End XCConfigurationList section */
	};
	rootObject = D0FA3927287BF87300E5B606 /* Project object */;
}
